
Microsoft Visual Studio Solution File, Format Version 12.00
# Visual Studio Version 17
VisualStudioVersion = 17.0.31903.59
MinimumVisualStudioVersion = 10.0.40219.1
Project("{2150E333-8FDC-42A3-9474-1A3956D46DE8}") = "services", "services", "{A138C8A0-50B6-4D51-94F2-C1F1F099C0E1}"
EndProject
Project("{FAE04EC0-301F-11D3-BF4B-00C04F79EFBC}") = "HathoraDemo", "services\HathoraDemo\HathoraDemo.csproj", "{934D5D6A-0FB9-4FF9-800C-DEB107ED9936}"
EndProject
Project("{FAE04EC0-301F-11D3-BF4B-00C04F79EFBC}") = "MSPlayground", "services\MSPlayground\MSPlayground.csproj", "{C8D93793-6484-40A1-8C06-CAFD2158733A}"
EndProject
Project("{FAE04EC0-301F-11D3-BF4B-00C04F79EFBC}") = "DBPlayground", "services\DBPlayground\DBPlayground.csproj", "{5C1CB5BE-0358-4AE4-A1A2-F1583223AB3B}"
EndProject
Project("{FAE04EC0-301F-11D3-BF4B-00C04F79EFBC}") = "SteamDemo", "services\SteamDemo\SteamDemo.csproj", "{D62089A7-42DE-42E3-AE6F-F7DE7630CD05}"
EndProject
Project("{FAE04EC0-301F-11D3-BF4B-00C04F79EFBC}") = "DiscordSampleMs", "services\DiscordSampleMs\DiscordSampleMs.csproj", "{FC2BB826-8B8F-45BB-8C9A-332ADC3ECE68}"
EndProject
Global
	GlobalSection(SolutionConfigurationPlatforms) = preSolution
		Debug|Any CPU = Debug|Any CPU
		Release|Any CPU = Release|Any CPU
	EndGlobalSection
	GlobalSection(SolutionProperties) = preSolution
		HideSolutionNode = FALSE
	EndGlobalSection
	GlobalSection(ProjectConfigurationPlatforms) = postSolution
		{934D5D6A-0FB9-4FF9-800C-DEB107ED9936}.Debug|Any CPU.ActiveCfg = Debug|Any CPU
		{934D5D6A-0FB9-4FF9-800C-DEB107ED9936}.Debug|Any CPU.Build.0 = Debug|Any CPU
		{934D5D6A-0FB9-4FF9-800C-DEB107ED9936}.Release|Any CPU.ActiveCfg = Release|Any CPU
		{934D5D6A-0FB9-4FF9-800C-DEB107ED9936}.Release|Any CPU.Build.0 = Release|Any CPU
		{C8D93793-6484-40A1-8C06-CAFD2158733A}.Debug|Any CPU.ActiveCfg = Debug|Any CPU
		{C8D93793-6484-40A1-8C06-CAFD2158733A}.Debug|Any CPU.Build.0 = Debug|Any CPU
		{C8D93793-6484-40A1-8C06-CAFD2158733A}.Release|Any CPU.ActiveCfg = Release|Any CPU
		{C8D93793-6484-40A1-8C06-CAFD2158733A}.Release|Any CPU.Build.0 = Release|Any CPU
		{5C1CB5BE-0358-4AE4-A1A2-F1583223AB3B}.Debug|Any CPU.ActiveCfg = Debug|Any CPU
		{5C1CB5BE-0358-4AE4-A1A2-F1583223AB3B}.Debug|Any CPU.Build.0 = Debug|Any CPU
		{5C1CB5BE-0358-4AE4-A1A2-F1583223AB3B}.Release|Any CPU.ActiveCfg = Release|Any CPU
		{5C1CB5BE-0358-4AE4-A1A2-F1583223AB3B}.Release|Any CPU.Build.0 = Release|Any CPU
		{D62089A7-42DE-42E3-AE6F-F7DE7630CD05}.Debug|Any CPU.ActiveCfg = Debug|Any CPU
		{D62089A7-42DE-42E3-AE6F-F7DE7630CD05}.Debug|Any CPU.Build.0 = Debug|Any CPU
		{D62089A7-42DE-42E3-AE6F-F7DE7630CD05}.Release|Any CPU.ActiveCfg = Release|Any CPU
		{D62089A7-42DE-42E3-AE6F-F7DE7630CD05}.Release|Any CPU.Build.0 = Release|Any CPU
		{FC2BB826-8B8F-45BB-8C9A-332ADC3ECE68}.Debug|Any CPU.ActiveCfg = Debug|Any CPU
		{FC2BB826-8B8F-45BB-8C9A-332ADC3ECE68}.Debug|Any CPU.Build.0 = Debug|Any CPU
		{FC2BB826-8B8F-45BB-8C9A-332ADC3ECE68}.Release|Any CPU.ActiveCfg = Release|Any CPU
		{FC2BB826-8B8F-45BB-8C9A-332ADC3ECE68}.Release|Any CPU.Build.0 = Release|Any CPU
	EndGlobalSection
	GlobalSection(NestedProjects) = preSolution
		{934D5D6A-0FB9-4FF9-800C-DEB107ED9936} = {A138C8A0-50B6-4D51-94F2-C1F1F099C0E1}
		{C8D93793-6484-40A1-8C06-CAFD2158733A} = {A138C8A0-50B6-4D51-94F2-C1F1F099C0E1}
		{5C1CB5BE-0358-4AE4-A1A2-F1583223AB3B} = {A138C8A0-50B6-4D51-94F2-C1F1F099C0E1}
		{D62089A7-42DE-42E3-AE6F-F7DE7630CD05} = {A138C8A0-50B6-4D51-94F2-C1F1F099C0E1}
		{FC2BB826-8B8F-45BB-8C9A-332ADC3ECE68} = {A138C8A0-50B6-4D51-94F2-C1F1F099C0E1}
	EndGlobalSection
EndGlobal
