
Microsoft Visual Studio Solution File, Format Version 12.00
# Visual Studio Version 17
VisualStudioVersion = 17.0.31903.59
MinimumVisualStudioVersion = 10.0.40219.1
Project("{2150E333-8FDC-42A3-9474-1A3956D46DE8}") = "services", "services", "{A138C8A0-50B6-4D51-94F2-C1F1F099C0E1}"
EndProject
Project("{FAE04EC0-301F-11D3-BF4B-00C04F79EFBC}") = "SteamDemo", "services\SteamDemo\SteamDemo.csproj", "{D62089A7-42DE-42E3-AE6F-F7DE7630CD05}"
EndProject
Project("{FAE04EC0-301F-11D3-BF4B-00C04F79EFBC}") = "DiscordSampleMs", "services\DiscordSampleMs\DiscordSampleMs.csproj", "{FC2BB826-8B8F-45BB-8C9A-332ADC3ECE68}"
EndProject
Project("{FAE04EC0-301F-11D3-BF4B-00C04F79EFBC}") = "LiveOpsDemoMS", "services\LiveOpsDemoMS\LiveOpsDemoMS.csproj", "{92803B6E-6839-49F3-8EBA-542B1B44F267}"
EndProject
Project("{FAE04EC0-301F-11D3-BF4B-00C04F79EFBC}") = "BeamballMs", "services\BeamballMs\BeamballMs.csproj", "{6FFF3146-EE74-42BB-B08F-12D78879AA2B}"
EndProject
Global
	GlobalSection(SolutionConfigurationPlatforms) = preSolution
		Debug|Any CPU = Debug|Any CPU
		Debug|x64 = Debug|x64
		Debug|x86 = Debug|x86
		Release|Any CPU = Release|Any CPU
		Release|x64 = Release|x64
		Release|x86 = Release|x86
	EndGlobalSection
	GlobalSection(ProjectConfigurationPlatforms) = postSolution
		{D62089A7-42DE-42E3-AE6F-F7DE7630CD05}.Debug|Any CPU.ActiveCfg = Debug|Any CPU
		{D62089A7-42DE-42E3-AE6F-F7DE7630CD05}.Debug|Any CPU.Build.0 = Debug|Any CPU
		{D62089A7-42DE-42E3-AE6F-F7DE7630CD05}.Debug|x64.ActiveCfg = Debug|Any CPU
		{D62089A7-42DE-42E3-AE6F-F7DE7630CD05}.Debug|x64.Build.0 = Debug|Any CPU
		{D62089A7-42DE-42E3-AE6F-F7DE7630CD05}.Debug|x86.ActiveCfg = Debug|Any CPU
		{D62089A7-42DE-42E3-AE6F-F7DE7630CD05}.Debug|x86.Build.0 = Debug|Any CPU
		{D62089A7-42DE-42E3-AE6F-F7DE7630CD05}.Release|Any CPU.ActiveCfg = Release|Any CPU
		{D62089A7-42DE-42E3-AE6F-F7DE7630CD05}.Release|Any CPU.Build.0 = Release|Any CPU
		{D62089A7-42DE-42E3-AE6F-F7DE7630CD05}.Release|x64.ActiveCfg = Release|Any CPU
		{D62089A7-42DE-42E3-AE6F-F7DE7630CD05}.Release|x64.Build.0 = Release|Any CPU
		{D62089A7-42DE-42E3-AE6F-F7DE7630CD05}.Release|x86.ActiveCfg = Release|Any CPU
		{D62089A7-42DE-42E3-AE6F-F7DE7630CD05}.Release|x86.Build.0 = Release|Any CPU
		{FC2BB826-8B8F-45BB-8C9A-332ADC3ECE68}.Debug|Any CPU.ActiveCfg = Debug|Any CPU
		{FC2BB826-8B8F-45BB-8C9A-332ADC3ECE68}.Debug|Any CPU.Build.0 = Debug|Any CPU
		{FC2BB826-8B8F-45BB-8C9A-332ADC3ECE68}.Debug|x64.ActiveCfg = Debug|Any CPU
		{FC2BB826-8B8F-45BB-8C9A-332ADC3ECE68}.Debug|x64.Build.0 = Debug|Any CPU
		{FC2BB826-8B8F-45BB-8C9A-332ADC3ECE68}.Debug|x86.ActiveCfg = Debug|Any CPU
		{FC2BB826-8B8F-45BB-8C9A-332ADC3ECE68}.Debug|x86.Build.0 = Debug|Any CPU
		{FC2BB826-8B8F-45BB-8C9A-332ADC3ECE68}.Release|Any CPU.ActiveCfg = Release|Any CPU
		{FC2BB826-8B8F-45BB-8C9A-332ADC3ECE68}.Release|Any CPU.Build.0 = Release|Any CPU
		{FC2BB826-8B8F-45BB-8C9A-332ADC3ECE68}.Release|x64.ActiveCfg = Release|Any CPU
		{FC2BB826-8B8F-45BB-8C9A-332ADC3ECE68}.Release|x64.Build.0 = Release|Any CPU
		{FC2BB826-8B8F-45BB-8C9A-332ADC3ECE68}.Release|x86.ActiveCfg = Release|Any CPU
		{FC2BB826-8B8F-45BB-8C9A-332ADC3ECE68}.Release|x86.Build.0 = Release|Any CPU
		{92803B6E-6839-49F3-8EBA-542B1B44F267}.Debug|Any CPU.ActiveCfg = Debug|Any CPU
		{92803B6E-6839-49F3-8EBA-542B1B44F267}.Debug|Any CPU.Build.0 = Debug|Any CPU
		{92803B6E-6839-49F3-8EBA-542B1B44F267}.Debug|x64.ActiveCfg = Debug|Any CPU
		{92803B6E-6839-49F3-8EBA-542B1B44F267}.Debug|x64.Build.0 = Debug|Any CPU
		{92803B6E-6839-49F3-8EBA-542B1B44F267}.Debug|x86.ActiveCfg = Debug|Any CPU
		{92803B6E-6839-49F3-8EBA-542B1B44F267}.Debug|x86.Build.0 = Debug|Any CPU
		{92803B6E-6839-49F3-8EBA-542B1B44F267}.Release|Any CPU.ActiveCfg = Release|Any CPU
		{92803B6E-6839-49F3-8EBA-542B1B44F267}.Release|Any CPU.Build.0 = Release|Any CPU
		{92803B6E-6839-49F3-8EBA-542B1B44F267}.Release|x64.ActiveCfg = Release|Any CPU
		{92803B6E-6839-49F3-8EBA-542B1B44F267}.Release|x64.Build.0 = Release|Any CPU
		{92803B6E-6839-49F3-8EBA-542B1B44F267}.Release|x86.ActiveCfg = Release|Any CPU
		{92803B6E-6839-49F3-8EBA-542B1B44F267}.Release|x86.Build.0 = Release|Any CPU
		{6FFF3146-EE74-42BB-B08F-12D78879AA2B}.Debug|Any CPU.ActiveCfg = Debug|Any CPU
		{6FFF3146-EE74-42BB-B08F-12D78879AA2B}.Debug|Any CPU.Build.0 = Debug|Any CPU
		{6FFF3146-EE74-42BB-B08F-12D78879AA2B}.Debug|x64.ActiveCfg = Debug|Any CPU
		{6FFF3146-EE74-42BB-B08F-12D78879AA2B}.Debug|x64.Build.0 = Debug|Any CPU
		{6FFF3146-EE74-42BB-B08F-12D78879AA2B}.Debug|x86.ActiveCfg = Debug|Any CPU
		{6FFF3146-EE74-42BB-B08F-12D78879AA2B}.Debug|x86.Build.0 = Debug|Any CPU
		{6FFF3146-EE74-42BB-B08F-12D78879AA2B}.Release|Any CPU.ActiveCfg = Release|Any CPU
		{6FFF3146-EE74-42BB-B08F-12D78879AA2B}.Release|Any CPU.Build.0 = Release|Any CPU
		{6FFF3146-EE74-42BB-B08F-12D78879AA2B}.Release|x64.ActiveCfg = Release|Any CPU
		{6FFF3146-EE74-42BB-B08F-12D78879AA2B}.Release|x64.Build.0 = Release|Any CPU
		{6FFF3146-EE74-42BB-B08F-12D78879AA2B}.Release|x86.ActiveCfg = Release|Any CPU
		{6FFF3146-EE74-42BB-B08F-12D78879AA2B}.Release|x86.Build.0 = Release|Any CPU
	EndGlobalSection
	GlobalSection(SolutionProperties) = preSolution
		HideSolutionNode = FALSE
	EndGlobalSection
	GlobalSection(NestedProjects) = preSolution
		{D62089A7-42DE-42E3-AE6F-F7DE7630CD05} = {A138C8A0-50B6-4D51-94F2-C1F1F099C0E1}
		{FC2BB826-8B8F-45BB-8C9A-332ADC3ECE68} = {A138C8A0-50B6-4D51-94F2-C1F1F099C0E1}
		{92803B6E-6839-49F3-8EBA-542B1B44F267} = {A138C8A0-50B6-4D51-94F2-C1F1F099C0E1}
		{6FFF3146-EE74-42BB-B08F-12D78879AA2B} = {A138C8A0-50B6-4D51-94F2-C1F1F099C0E1}
	EndGlobalSection
EndGlobal
