
Microsoft Visual Studio Solution File, Format Version 12.00
# Visual Studio Version 17
VisualStudioVersion = 17.0.31903.59
MinimumVisualStudioVersion = 10.0.40219.1
Project("{2150E333-8FDC-42A3-9474-1A3956D46DE8}") = "services", "services", "{A138C8A0-50B6-4D51-94F2-C1F1F099C0E1}"
EndProject
Project("{FAE04EC0-301F-11D3-BF4B-00C04F79EFBC}") = "HathoraDemo", "services\HathoraDemo\HathoraDemo.csproj", "{934D5D6A-0FB9-4FF9-800C-DEB107ED9936}"
EndProject
Project("{FAE04EC0-301F-11D3-BF4B-00C04F79EFBC}") = "SteamDemo", "services\SteamDemo\SteamDemo.csproj", "{D62089A7-42DE-42E3-AE6F-F7DE7630CD05}"
EndProject
Project("{FAE04EC0-301F-11D3-BF4B-00C04F79EFBC}") = "DiscordSampleMs", "services\DiscordSampleMs\DiscordSampleMs.csproj", "{FC2BB826-8B8F-45BB-8C9A-332ADC3ECE68}"
EndProject
Project("{FAE04EC0-301F-11D3-BF4B-00C04F79EFBC}") = "MSPlayground", "services\MSPlayground\MSPlayground.csproj", "{05C327F6-2AA3-403A-996A-F596E70C1D08}"
EndProject
Project("{FAE04EC0-301F-11D3-BF4B-00C04F79EFBC}") = "DBPlayground", "services\DBPlayground\DBPlayground.csproj", "{D584783B-DA3B-4BCA-AF7E-B43BBEBD7214}"
EndProject
Project("{FAE04EC0-301F-11D3-BF4B-00C04F79EFBC}") = "LiveOpsDemoMS", "services\LiveOpsDemoMS\LiveOpsDemoMS.csproj", "{92803B6E-6839-49F3-8EBA-542B1B44F267}"
EndProject
Global
	GlobalSection(SolutionConfigurationPlatforms) = preSolution
		Debug|Any CPU = Debug|Any CPU
		Release|Any CPU = Release|Any CPU
	EndGlobalSection
	GlobalSection(SolutionProperties) = preSolution
		HideSolutionNode = FALSE
	EndGlobalSection
	GlobalSection(ProjectConfigurationPlatforms) = postSolution
		{934D5D6A-0FB9-4FF9-800C-DEB107ED9936}.Debug|Any CPU.ActiveCfg = Debug|Any CPU
		{934D5D6A-0FB9-4FF9-800C-DEB107ED9936}.Debug|Any CPU.Build.0 = Debug|Any CPU
		{934D5D6A-0FB9-4FF9-800C-DEB107ED9936}.Release|Any CPU.ActiveCfg = Release|Any CPU
		{934D5D6A-0FB9-4FF9-800C-DEB107ED9936}.Release|Any CPU.Build.0 = Release|Any CPU
		{D62089A7-42DE-42E3-AE6F-F7DE7630CD05}.Debug|Any CPU.ActiveCfg = Debug|Any CPU
		{D62089A7-42DE-42E3-AE6F-F7DE7630CD05}.Debug|Any CPU.Build.0 = Debug|Any CPU
		{D62089A7-42DE-42E3-AE6F-F7DE7630CD05}.Release|Any CPU.ActiveCfg = Release|Any CPU
		{D62089A7-42DE-42E3-AE6F-F7DE7630CD05}.Release|Any CPU.Build.0 = Release|Any CPU
		{FC2BB826-8B8F-45BB-8C9A-332ADC3ECE68}.Debug|Any CPU.ActiveCfg = Debug|Any CPU
		{FC2BB826-8B8F-45BB-8C9A-332ADC3ECE68}.Debug|Any CPU.Build.0 = Debug|Any CPU
		{FC2BB826-8B8F-45BB-8C9A-332ADC3ECE68}.Release|Any CPU.ActiveCfg = Release|Any CPU
		{FC2BB826-8B8F-45BB-8C9A-332ADC3ECE68}.Release|Any CPU.Build.0 = Release|Any CPU
		{05C327F6-2AA3-403A-996A-F596E70C1D08}.Debug|Any CPU.ActiveCfg = Debug|Any CPU
		{05C327F6-2AA3-403A-996A-F596E70C1D08}.Debug|Any CPU.Build.0 = Debug|Any CPU
		{05C327F6-2AA3-403A-996A-F596E70C1D08}.Release|Any CPU.ActiveCfg = Release|Any CPU
		{05C327F6-2AA3-403A-996A-F596E70C1D08}.Release|Any CPU.Build.0 = Release|Any CPU
		{D584783B-DA3B-4BCA-AF7E-B43BBEBD7214}.Debug|Any CPU.ActiveCfg = Debug|Any CPU
		{D584783B-DA3B-4BCA-AF7E-B43BBEBD7214}.Debug|Any CPU.Build.0 = Debug|Any CPU
		{D584783B-DA3B-4BCA-AF7E-B43BBEBD7214}.Release|Any CPU.ActiveCfg = Release|Any CPU
		{D584783B-DA3B-4BCA-AF7E-B43BBEBD7214}.Release|Any CPU.Build.0 = Release|Any CPU
		{92803B6E-6839-49F3-8EBA-542B1B44F267}.Debug|Any CPU.ActiveCfg = Debug|Any CPU
		{92803B6E-6839-49F3-8EBA-542B1B44F267}.Debug|Any CPU.Build.0 = Debug|Any CPU
		{92803B6E-6839-49F3-8EBA-542B1B44F267}.Release|Any CPU.ActiveCfg = Release|Any CPU
		{92803B6E-6839-49F3-8EBA-542B1B44F267}.Release|Any CPU.Build.0 = Release|Any CPU
	EndGlobalSection
	GlobalSection(NestedProjects) = preSolution
		{934D5D6A-0FB9-4FF9-800C-DEB107ED9936} = {A138C8A0-50B6-4D51-94F2-C1F1F099C0E1}
		{D62089A7-42DE-42E3-AE6F-F7DE7630CD05} = {A138C8A0-50B6-4D51-94F2-C1F1F099C0E1}
		{FC2BB826-8B8F-45BB-8C9A-332ADC3ECE68} = {A138C8A0-50B6-4D51-94F2-C1F1F099C0E1}
		{05C327F6-2AA3-403A-996A-F596E70C1D08} = {A138C8A0-50B6-4D51-94F2-C1F1F099C0E1}
		{D584783B-DA3B-4BCA-AF7E-B43BBEBD7214} = {A138C8A0-50B6-4D51-94F2-C1F1F099C0E1}
		{92803B6E-6839-49F3-8EBA-542B1B44F267} = {A138C8A0-50B6-4D51-94F2-C1F1F099C0E1}
	EndGlobalSection
EndGlobal
